// !$*UTF8*$!
{
	archiveVersion = 1;
	classes = {
	};
	objectVersion = 46;
	objects = {

/* Begin PBXBuildFile section */
		18CD781E1D322AE600E1AA00 /* Gacia - Guess That Figure (fBeta v).cpp in Sources */ = {isa = PBXBuildFile; fileRef = 18CD781D1D322AE600E1AA00 /* Gacia - Guess That Figure (fBeta v).cpp */; };
/* End PBXBuildFile section */

/* Begin PBXCopyFilesBuildPhase section */
		18CD78181D322AE600E1AA00 /* CopyFiles */ = {
			isa = PBXCopyFilesBuildPhase;
			buildActionMask = 2147483647;
			dstPath = /usr/share/man/man1/;
			dstSubfolderSpec = 0;
			files = (
			);
			runOnlyForDeploymentPostprocessing = 1;
		};
/* End PBXCopyFilesBuildPhase section */

/* Begin PBXFileReference section */
		18CD781A1D322AE600E1AA00 /* Gacia - Guess That Figure */ = {isa = PBXFileReference; explicitFileType = "compiled.mach-o.executable"; includeInIndex = 0; path = "Gacia - Guess That Figure"; sourceTree = BUILT_PRODUCTS_DIR; };
		18CD781D1D322AE600E1AA00 /* Gacia - Guess That Figure (fBeta v).cpp */ = {isa = PBXFileReference; lastKnownFileType = sourcecode.cpp.cpp; path = "Gacia - Guess That Figure (fBeta v).cpp"; sourceTree = "<group>"; };
/* End PBXFileReference section */

/* Begin PBXFrameworksBuildPhase section */
		18CD78171D322AE600E1AA00 /* Frameworks */ = {
			isa = PBXFrameworksBuildPhase;
			buildActionMask = 2147483647;
			files = (
			);
			runOnlyForDeploymentPostprocessing = 0;
		};
/* End PBXFrameworksBuildPhase section */

/* Begin PBXGroup section */
		18CD78111D322AE600E1AA00 = {
			isa = PBXGroup;
			children = (
				18CD781C1D322AE600E1AA00 /* Gacia - Guess That Figure */,
				18CD781B1D322AE600E1AA00 /* Products */,
			);
			sourceTree = "<group>";
		};
		18CD781B1D322AE600E1AA00 /* Products */ = {
			isa = PBXGroup;
			children = (
				18CD781A1D322AE600E1AA00 /* Gacia - Guess That Figure */,
			);
			name = Products;
			sourceTree = "<group>";
		};
		18CD781C1D322AE600E1AA00 /* Gacia - Guess That Figure */ = {
			isa = PBXGroup;
			children = (
				18CD781D1D322AE600E1AA00 /* Gacia - Guess That Figure (fBeta v).cpp */,
			);
			path = "Gacia - Guess That Figure";
			sourceTree = "<group>";
		};
/* End PBXGroup section */

/* Begin PBXNativeTarget section */
		18CD78191D322AE600E1AA00 /* Gacia - Guess That Figure */ = {
			isa = PBXNativeTarget;
			buildConfigurationList = 18CD78211D322AE600E1AA00 /* Build configuration list for PBXNativeTarget "Gacia - Guess That Figure" */;
			buildPhases = (
				18CD78161D322AE600E1AA00 /* Sources */,
				18CD78171D322AE600E1AA00 /* Frameworks */,
				18CD78181D322AE600E1AA00 /* CopyFiles */,
			);
			buildRules = (
			);
			dependencies = (
			);
			name = "Gacia - Guess That Figure";
			productName = "Gacia - Guess That Figure";
			productReference = 18CD781A1D322AE600E1AA00 /* Gacia - Guess That Figure */;
			productType = "com.apple.product-type.tool";
		};
/* End PBXNativeTarget section */

/* Begin PBXProject section */
		18CD78121D322AE600E1AA00 /* Project object */ = {
			isa = PBXProject;
			attributes = {
				LastUpgradeCheck = 0730;
				ORGANIZATIONNAME = "Ratul's Mac";
				TargetAttributes = {
					18CD78191D322AE600E1AA00 = {
						CreatedOnToolsVersion = 7.3.1;
					};
				};
			};
			buildConfigurationList = 18CD78151D322AE600E1AA00 /* Build configuration list for PBXProject "Gacia - Guess That Figure" */;
			compatibilityVersion = "Xcode 3.2";
			developmentRegion = English;
			hasScannedForEncodings = 0;
			knownRegions = (
				en,
			);
			mainGroup = 18CD78111D322AE600E1AA00;
			productRefGroup = 18CD781B1D322AE600E1AA00 /* Products */;
			projectDirPath = "";
			projectRoot = "";
			targets = (
				18CD78191D322AE600E1AA00 /* Gacia - Guess That Figure */,
			);
		};
/* End PBXProject section */

/* Begin PBXSourcesBuildPhase section */
		18CD78161D322AE600E1AA00 /* Sources */ = {
			isa = PBXSourcesBuildPhase;
			buildActionMask = 2147483647;
			files = (
				18CD781E1D322AE600E1AA00 /* Gacia - Guess That Figure (fBeta v).cpp in Sources */,
			);
			runOnlyForDeploymentPostprocessing = 0;
		};
/* End PBXSourcesBuildPhase section */

/* Begin XCBuildConfiguration section */
		18CD781F1D322AE600E1AA00 /* Debug */ = {
			isa = XCBuildConfiguration;
			buildSettings = {
				ALWAYS_SEARCH_USER_PATHS = NO;
				CLANG_ANALYZER_NONNULL = YES;
				CLANG_CXX_LANGUAGE_STANDARD = "gnu++0x";
				CLANG_CXX_LIBRARY = "libc++";
				CLANG_ENABLE_MODULES = YES;
				CLANG_ENABLE_OBJC_ARC = YES;
				CLANG_WARN_BOOL_CONVERSION = YES;
				CLANG_WARN_CONSTANT_CONVERSION = YES;
				CLANG_WARN_DIRECT_OBJC_ISA_USAGE = YES_ERROR;
				CLANG_WARN_EMPTY_BODY = YES;
				CLANG_WARN_ENUM_CONVERSION = YES;
				CLANG_WARN_INT_CONVERSION = YES;
				CLANG_WARN_OBJC_ROOT_CLASS = YES_ERROR;
				CLANG_WARN_UNREACHABLE_CODE = YES;
				CLANG_WARN__DUPLICATE_METHOD_MATCH = YES;
				CODE_SIGN_IDENTITY = "-";
				COPY_PHASE_STRIP = NO;
				DEBUG_INFORMATION_FORMAT = dwarf;
				ENABLE_STRICT_OBJC_MSGSEND = YES;
				ENABLE_TESTABILITY = YES;
				GCC_C_LANGUAGE_STANDARD = gnu99;
				GCC_DYNAMIC_NO_PIC = NO;
				GCC_NO_COMMON_BLOCKS = YES;
				GCC_OPTIMIZATION_LEVEL = 0;
				GCC_PREPROCESSOR_DEFINITIONS = (
					"DEBUG=1",
					"$(inherited)",
				);
				GCC_WARN_64_TO_32_BIT_CONVERSION = YES;
				GCC_WARN_ABOUT_RETURN_TYPE = YES_ERROR;
				GCC_WARN_UNDECLARED_SELECTOR = YES;
				GCC_WARN_UNINITIALIZED_AUTOS = YES_AGGRESSIVE;
				GCC_WARN_UNUSED_FUNCTION = YES;
				GCC_WARN_UNUSED_VARIABLE = YES;
				MACOSX_DEPLOYMENT_TARGET = 10.11;
				MTL_ENABLE_DEBUG_INFO = YES;
				ONLY_ACTIVE_ARCH = YES;
				SDKROOT = macosx;
			};
			name = Debug;
		};
		18CD78201D322AE600E1AA00 /* Release */ = {
			isa = XCBuildConfiguration;
			buildSettings = {
				ALWAYS_SEARCH_USER_PATHS = NO;
				CLANG_ANALYZER_NONNULL = YES;
				CLANG_CXX_LANGUAGE_STANDARD = "gnu++0x";
				CLANG_CXX_LIBRARY = "libc++";
				CLANG_ENABLE_MODULES = YES;
				CLANG_ENABLE_OBJC_ARC = YES;
				CLANG_WARN_BOOL_CONVERSION = YES;
				CLANG_WARN_CONSTANT_CONVERSION = YES;
				CLANG_WARN_DIRECT_OBJC_ISA_USAGE = YES_ERROR;
				CLANG_WARN_EMPTY_BODY = YES;
				CLANG_WARN_ENUM_CONVERSION = YES;
				CLANG_WARN_INT_CONVERSION = YES;
				CLANG_WARN_OBJC_ROOT_CLASS = YES_ERROR;
				CLANG_WARN_UNREACHABLE_CODE = YES;
				CLANG_WARN__DUPLICATE_METHOD_MATCH = YES;
				CODE_SIGN_IDENTITY = "-";
				COPY_PHASE_STRIP = NO;
				DEBUG_INFORMATION_FORMAT = "dwarf-with-dsym";
				ENABLE_NS_ASSERTIONS = NO;
				ENABLE_STRICT_OBJC_MSGSEND = YES;
				GCC_C_LANGUAGE_STANDARD = gnu99;
				GCC_NO_COMMON_BLOCKS = YES;
				GCC_WARN_64_TO_32_BIT_CONVERSION = YES;
				GCC_WARN_ABOUT_RETURN_TYPE = YES_ERROR;
				GCC_WARN_UNDECLARED_SELECTOR = YES;
				GCC_WARN_UNINITIALIZED_AUTOS = YES_AGGRESSIVE;
				GCC_WARN_UNUSED_FUNCTION = YES;
				GCC_WARN_UNUSED_VARIABLE = YES;
				MACOSX_DEPLOYMENT_TARGET = 10.11;
				MTL_ENABLE_DEBUG_INFO = NO;
				SDKROOT = macosx;
			};
			name = Release;
		};
		18CD78221D322AE600E1AA00 /* Debug */ = {
			isa = XCBuildConfiguration;
			buildSettings = {
				PRODUCT_NAME = "$(TARGET_NAME)";
			};
			name = Debug;
		};
		18CD78231D322AE600E1AA00 /* Release */ = {
			isa = XCBuildConfiguration;
			buildSettings = {
				PRODUCT_NAME = "$(TARGET_NAME)";
			};
			name = Release;
		};
/* End XCBuildConfiguration section */

/* Begin XCConfigurationList section */
		18CD78151D322AE600E1AA00 /* Build configuration list for PBXProject "Gacia - Guess That Figure" */ = {
			isa = XCConfigurationList;
			buildConfigurations = (
				18CD781F1D322AE600E1AA00 /* Debug */,
				18CD78201D322AE600E1AA00 /* Release */,
			);
			defaultConfigurationIsVisible = 0;
			defaultConfigurationName = Release;
		};
		18CD78211D322AE600E1AA00 /* Build configuration list for PBXNativeTarget "Gacia - Guess That Figure" */ = {
			isa = XCConfigurationList;
			buildConfigurations = (
				18CD78221D322AE600E1AA00 /* Debug */,
				18CD78231D322AE600E1AA00 /* Release */,
			);
			defaultConfigurationIsVisible = 0;
		};
/* End XCConfigurationList section */
	};
	rootObject = 18CD78121D322AE600E1AA00 /* Project object */;
}
